// !$*UTF8*$!
{
	archiveVersion = 1;
	classes = {
	};
	objectVersion = 50;
	objects = {

/* Begin PBXBuildFile section */
		2702F57D554388C2F7237778 /* Pods_ClearSkyUITests.framework in Frameworks */ = {isa = PBXBuildFile; fileRef = 5DA38FADE8E38EE2093EA86F /* Pods_ClearSkyUITests.framework */; };
		2EAB74E5CB66ACBCF896BC16 /* Pods_ClearSky.framework in Frameworks */ = {isa = PBXBuildFile; fileRef = 7DC0377C43EF981AA7DDC237 /* Pods_ClearSky.framework */; };
		CD30BD2D210B11B7009E20F3 /* DataService.swift in Sources */ = {isa = PBXBuildFile; fileRef = CD30BD2C210B11B7009E20F3 /* DataService.swift */; };
		CD30BD2F210B22A2009E20F3 /* Data.swift in Sources */ = {isa = PBXBuildFile; fileRef = CD30BD2E210B22A2009E20F3 /* Data.swift */; };
		CD30BD32210F06A2009E20F3 /* AQI.swift in Sources */ = {isa = PBXBuildFile; fileRef = CD30BD31210F06A2009E20F3 /* AQI.swift */; };
		CD30BD34210F1144009E20F3 /* AqiService.swift in Sources */ = {isa = PBXBuildFile; fileRef = CD30BD33210F1144009E20F3 /* AqiService.swift */; };
		CD68C50F20FCBE79007446DB /* AppDelegate.swift in Sources */ = {isa = PBXBuildFile; fileRef = CD68C50E20FCBE79007446DB /* AppDelegate.swift */; };
		CD68C51120FCBE79007446DB /* HomeViewController.swift in Sources */ = {isa = PBXBuildFile; fileRef = CD68C51020FCBE79007446DB /* HomeViewController.swift */; };
		CD68C51320FCBE79007446DB /* MapViewController.swift in Sources */ = {isa = PBXBuildFile; fileRef = CD68C51220FCBE79007446DB /* MapViewController.swift */; };
		CD68C51620FCBE79007446DB /* Main.storyboard in Resources */ = {isa = PBXBuildFile; fileRef = CD68C51420FCBE79007446DB /* Main.storyboard */; };
		CD68C51B20FCBE7B007446DB /* LaunchScreen.storyboard in Resources */ = {isa = PBXBuildFile; fileRef = CD68C51920FCBE7B007446DB /* LaunchScreen.storyboard */; };
		CD68C52620FCBE7B007446DB /* ClearSkyTests.swift in Sources */ = {isa = PBXBuildFile; fileRef = CD68C52520FCBE7B007446DB /* ClearSkyTests.swift */; };
		CD68C53120FCBE7B007446DB /* ClearSkyUITests.swift in Sources */ = {isa = PBXBuildFile; fileRef = CD68C53020FCBE7B007446DB /* ClearSkyUITests.swift */; };
		CD6B1C3D212AEEC9005521F1 /* ChartHelper.swift in Sources */ = {isa = PBXBuildFile; fileRef = CD6B1C3C212AEEC9005521F1 /* ChartHelper.swift */; };
		CD971AA62118982C00960FE8 /* MapData.swift in Sources */ = {isa = PBXBuildFile; fileRef = CD971AA52118982C00960FE8 /* MapData.swift */; };
		CD971AA821199C7200960FE8 /* MapService.swift in Sources */ = {isa = PBXBuildFile; fileRef = CD971AA721199C7200960FE8 /* MapService.swift */; };
		CDFB717121072ACD0028B59C /* Assets.xcassets in Resources */ = {isa = PBXBuildFile; fileRef = CDFB717021072ACD0028B59C /* Assets.xcassets */; };
		CDFB7175210765440028B59C /* CollectionViewCell.swift in Sources */ = {isa = PBXBuildFile; fileRef = CDFB7174210765440028B59C /* CollectionViewCell.swift */; };
		E49C1D492136BE9E00923BD7 /* ClearSky.xcdatamodeld in Sources */ = {isa = PBXBuildFile; fileRef = E49C1D472136BE9E00923BD7 /* ClearSky.xcdatamodeld */; };
		EFF3D00B64F24A24BE5CF061 /* Pods_ClearSkyTests.framework in Frameworks */ = {isa = PBXBuildFile; fileRef = 649B6C6F89E301309EB53719 /* Pods_ClearSkyTests.framework */; };
/* End PBXBuildFile section */

/* Begin PBXContainerItemProxy section */
		CD68C52220FCBE7B007446DB /* PBXContainerItemProxy */ = {
			isa = PBXContainerItemProxy;
			containerPortal = CD68C50320FCBE79007446DB /* Project object */;
			proxyType = 1;
			remoteGlobalIDString = CD68C50A20FCBE79007446DB;
			remoteInfo = ClearSky;
		};
		CD68C52D20FCBE7B007446DB /* PBXContainerItemProxy */ = {
			isa = PBXContainerItemProxy;
			containerPortal = CD68C50320FCBE79007446DB /* Project object */;
			proxyType = 1;
			remoteGlobalIDString = CD68C50A20FCBE79007446DB;
			remoteInfo = ClearSky;
		};
/* End PBXContainerItemProxy section */

/* Begin PBXFileReference section */
		419A44FAC7A16DFC4549BFF8 /* Pods-ClearSkyTests.release.xcconfig */ = {isa = PBXFileReference; includeInIndex = 1; lastKnownFileType = text.xcconfig; name = "Pods-ClearSkyTests.release.xcconfig"; path = "Pods/Target Support Files/Pods-ClearSkyTests/Pods-ClearSkyTests.release.xcconfig"; sourceTree = "<group>"; };
		4249CAAAF87EC50F5A204053 /* Pods-ClearSkyUITests.debug.xcconfig */ = {isa = PBXFileReference; includeInIndex = 1; lastKnownFileType = text.xcconfig; name = "Pods-ClearSkyUITests.debug.xcconfig"; path = "Pods/Target Support Files/Pods-ClearSkyUITests/Pods-ClearSkyUITests.debug.xcconfig"; sourceTree = "<group>"; };
		5DA38FADE8E38EE2093EA86F /* Pods_ClearSkyUITests.framework */ = {isa = PBXFileReference; explicitFileType = wrapper.framework; includeInIndex = 0; path = Pods_ClearSkyUITests.framework; sourceTree = BUILT_PRODUCTS_DIR; };
		649B6C6F89E301309EB53719 /* Pods_ClearSkyTests.framework */ = {isa = PBXFileReference; explicitFileType = wrapper.framework; includeInIndex = 0; path = Pods_ClearSkyTests.framework; sourceTree = BUILT_PRODUCTS_DIR; };
		6CC90B942E774658F165D71A /* Pods-ClearSkyUITests.release.xcconfig */ = {isa = PBXFileReference; includeInIndex = 1; lastKnownFileType = text.xcconfig; name = "Pods-ClearSkyUITests.release.xcconfig"; path = "Pods/Target Support Files/Pods-ClearSkyUITests/Pods-ClearSkyUITests.release.xcconfig"; sourceTree = "<group>"; };
		7DC0377C43EF981AA7DDC237 /* Pods_ClearSky.framework */ = {isa = PBXFileReference; explicitFileType = wrapper.framework; includeInIndex = 0; path = Pods_ClearSky.framework; sourceTree = BUILT_PRODUCTS_DIR; };
		CD30BD2C210B11B7009E20F3 /* DataService.swift */ = {isa = PBXFileReference; lastKnownFileType = sourcecode.swift; path = DataService.swift; sourceTree = "<group>"; };
		CD30BD2E210B22A2009E20F3 /* Data.swift */ = {isa = PBXFileReference; lastKnownFileType = sourcecode.swift; path = Data.swift; sourceTree = "<group>"; };
		CD30BD31210F06A2009E20F3 /* AQI.swift */ = {isa = PBXFileReference; lastKnownFileType = sourcecode.swift; path = AQI.swift; sourceTree = "<group>"; };
		CD30BD33210F1144009E20F3 /* AqiService.swift */ = {isa = PBXFileReference; lastKnownFileType = sourcecode.swift; path = AqiService.swift; sourceTree = "<group>"; };
		CD68C50B20FCBE79007446DB /* ClearSky.app */ = {isa = PBXFileReference; explicitFileType = wrapper.application; includeInIndex = 0; path = ClearSky.app; sourceTree = BUILT_PRODUCTS_DIR; };
		CD68C50E20FCBE79007446DB /* AppDelegate.swift */ = {isa = PBXFileReference; lastKnownFileType = sourcecode.swift; path = AppDelegate.swift; sourceTree = "<group>"; };
		CD68C51020FCBE79007446DB /* HomeViewController.swift */ = {isa = PBXFileReference; lastKnownFileType = sourcecode.swift; path = HomeViewController.swift; sourceTree = "<group>"; };
		CD68C51220FCBE79007446DB /* MapViewController.swift */ = {isa = PBXFileReference; lastKnownFileType = sourcecode.swift; path = MapViewController.swift; sourceTree = "<group>"; };
		CD68C51520FCBE79007446DB /* Base */ = {isa = PBXFileReference; lastKnownFileType = file.storyboard; name = Base; path = Base.lproj/Main.storyboard; sourceTree = "<group>"; };
		CD68C51A20FCBE7B007446DB /* Base */ = {isa = PBXFileReference; lastKnownFileType = file.storyboard; name = Base; path = Base.lproj/LaunchScreen.storyboard; sourceTree = "<group>"; };
		CD68C51C20FCBE7B007446DB /* Info.plist */ = {isa = PBXFileReference; lastKnownFileType = text.plist.xml; path = Info.plist; sourceTree = "<group>"; };
		CD68C52120FCBE7B007446DB /* ClearSkyTests.xctest */ = {isa = PBXFileReference; explicitFileType = wrapper.cfbundle; includeInIndex = 0; path = ClearSkyTests.xctest; sourceTree = BUILT_PRODUCTS_DIR; };
		CD68C52520FCBE7B007446DB /* ClearSkyTests.swift */ = {isa = PBXFileReference; lastKnownFileType = sourcecode.swift; path = ClearSkyTests.swift; sourceTree = "<group>"; };
		CD68C52720FCBE7B007446DB /* Info.plist */ = {isa = PBXFileReference; lastKnownFileType = text.plist.xml; path = Info.plist; sourceTree = "<group>"; };
		CD68C52C20FCBE7B007446DB /* ClearSkyUITests.xctest */ = {isa = PBXFileReference; explicitFileType = wrapper.cfbundle; includeInIndex = 0; path = ClearSkyUITests.xctest; sourceTree = BUILT_PRODUCTS_DIR; };
		CD68C53020FCBE7B007446DB /* ClearSkyUITests.swift */ = {isa = PBXFileReference; lastKnownFileType = sourcecode.swift; path = ClearSkyUITests.swift; sourceTree = "<group>"; };
		CD68C53220FCBE7B007446DB /* Info.plist */ = {isa = PBXFileReference; lastKnownFileType = text.plist.xml; path = Info.plist; sourceTree = "<group>"; };
		CD6B1C3C212AEEC9005521F1 /* ChartHelper.swift */ = {isa = PBXFileReference; lastKnownFileType = sourcecode.swift; path = ChartHelper.swift; sourceTree = "<group>"; };
		CD971AA52118982C00960FE8 /* MapData.swift */ = {isa = PBXFileReference; lastKnownFileType = sourcecode.swift; path = MapData.swift; sourceTree = "<group>"; };
		CD971AA721199C7200960FE8 /* MapService.swift */ = {isa = PBXFileReference; lastKnownFileType = sourcecode.swift; path = MapService.swift; sourceTree = "<group>"; };
		CDFB717021072ACD0028B59C /* Assets.xcassets */ = {isa = PBXFileReference; lastKnownFileType = folder.assetcatalog; path = Assets.xcassets; sourceTree = "<group>"; };
		CDFB7174210765440028B59C /* CollectionViewCell.swift */ = {isa = PBXFileReference; lastKnownFileType = sourcecode.swift; path = CollectionViewCell.swift; sourceTree = "<group>"; };
		E49C1D482136BE9E00923BD7 /* ClearSky.xcdatamodel */ = {isa = PBXFileReference; lastKnownFileType = wrapper.xcdatamodel; path = ClearSky.xcdatamodel; sourceTree = "<group>"; };
		EE29ABEA2F7D03AE27035A3E /* Pods-ClearSky.release.xcconfig */ = {isa = PBXFileReference; includeInIndex = 1; lastKnownFileType = text.xcconfig; name = "Pods-ClearSky.release.xcconfig"; path = "Pods/Target Support Files/Pods-ClearSky/Pods-ClearSky.release.xcconfig"; sourceTree = "<group>"; };
		EF60653BF19A385F31FE3211 /* Pods-ClearSky.debug.xcconfig */ = {isa = PBXFileReference; includeInIndex = 1; lastKnownFileType = text.xcconfig; name = "Pods-ClearSky.debug.xcconfig"; path = "Pods/Target Support Files/Pods-ClearSky/Pods-ClearSky.debug.xcconfig"; sourceTree = "<group>"; };
		F43B7ED68B6750D3F111A762 /* Pods-ClearSkyTests.debug.xcconfig */ = {isa = PBXFileReference; includeInIndex = 1; lastKnownFileType = text.xcconfig; name = "Pods-ClearSkyTests.debug.xcconfig"; path = "Pods/Target Support Files/Pods-ClearSkyTests/Pods-ClearSkyTests.debug.xcconfig"; sourceTree = "<group>"; };
/* End PBXFileReference section */

/* Begin PBXFrameworksBuildPhase section */
		CD68C50820FCBE79007446DB /* Frameworks */ = {
			isa = PBXFrameworksBuildPhase;
			buildActionMask = 2147483647;
			files = (
				2EAB74E5CB66ACBCF896BC16 /* Pods_ClearSky.framework in Frameworks */,
			);
			runOnlyForDeploymentPostprocessing = 0;
		};
		CD68C51E20FCBE7B007446DB /* Frameworks */ = {
			isa = PBXFrameworksBuildPhase;
			buildActionMask = 2147483647;
			files = (
				EFF3D00B64F24A24BE5CF061 /* Pods_ClearSkyTests.framework in Frameworks */,
			);
			runOnlyForDeploymentPostprocessing = 0;
		};
		CD68C52920FCBE7B007446DB /* Frameworks */ = {
			isa = PBXFrameworksBuildPhase;
			buildActionMask = 2147483647;
			files = (
				2702F57D554388C2F7237778 /* Pods_ClearSkyUITests.framework in Frameworks */,
			);
			runOnlyForDeploymentPostprocessing = 0;
		};
/* End PBXFrameworksBuildPhase section */

/* Begin PBXGroup section */
		89D35D601B54E2B7F3A5CF39 /* Pods */ = {
			isa = PBXGroup;
			children = (
				EF60653BF19A385F31FE3211 /* Pods-ClearSky.debug.xcconfig */,
				EE29ABEA2F7D03AE27035A3E /* Pods-ClearSky.release.xcconfig */,
				F43B7ED68B6750D3F111A762 /* Pods-ClearSkyTests.debug.xcconfig */,
				419A44FAC7A16DFC4549BFF8 /* Pods-ClearSkyTests.release.xcconfig */,
				4249CAAAF87EC50F5A204053 /* Pods-ClearSkyUITests.debug.xcconfig */,
				6CC90B942E774658F165D71A /* Pods-ClearSkyUITests.release.xcconfig */,
			);
			name = Pods;
			sourceTree = "<group>";
		};
		8C774852146D8937133892B6 /* Frameworks */ = {
			isa = PBXGroup;
			children = (
				7DC0377C43EF981AA7DDC237 /* Pods_ClearSky.framework */,
				649B6C6F89E301309EB53719 /* Pods_ClearSkyTests.framework */,
				5DA38FADE8E38EE2093EA86F /* Pods_ClearSkyUITests.framework */,
			);
			name = Frameworks;
			sourceTree = "<group>";
		};
		CD30BD2A210B0E15009E20F3 /* Models */ = {
			isa = PBXGroup;
			children = (
				CD30BD2E210B22A2009E20F3 /* Data.swift */,
				CD30BD31210F06A2009E20F3 /* AQI.swift */,
				CD971AA52118982C00960FE8 /* MapData.swift */,
			);
			path = Models;
			sourceTree = "<group>";
		};
		CD30BD2B210B0E35009E20F3 /* Services */ = {
			isa = PBXGroup;
			children = (
				CD30BD2C210B11B7009E20F3 /* DataService.swift */,
				CD30BD33210F1144009E20F3 /* AqiService.swift */,
				CD971AA721199C7200960FE8 /* MapService.swift */,
			);
			path = Services;
			sourceTree = "<group>";
		};
		CD68C50220FCBE79007446DB = {
			isa = PBXGroup;
			children = (
				CD68C50D20FCBE79007446DB /* ClearSky */,
				CD68C52420FCBE7B007446DB /* ClearSkyTests */,
				CD68C52F20FCBE7B007446DB /* ClearSkyUITests */,
				CD68C50C20FCBE79007446DB /* Products */,
				89D35D601B54E2B7F3A5CF39 /* Pods */,
				8C774852146D8937133892B6 /* Frameworks */,
			);
			sourceTree = "<group>";
		};
		CD68C50C20FCBE79007446DB /* Products */ = {
			isa = PBXGroup;
			children = (
				CD68C50B20FCBE79007446DB /* ClearSky.app */,
				CD68C52120FCBE7B007446DB /* ClearSkyTests.xctest */,
				CD68C52C20FCBE7B007446DB /* ClearSkyUITests.xctest */,
			);
			name = Products;
			sourceTree = "<group>";
		};
		CD68C50D20FCBE79007446DB /* ClearSky */ = {
			isa = PBXGroup;
			children = (
				CD6B1C3B212AEEA0005521F1 /* Helpers */,
				CD30BD2B210B0E35009E20F3 /* Services */,
				CD30BD2A210B0E15009E20F3 /* Models */,
				CD68C50E20FCBE79007446DB /* AppDelegate.swift */,
				CDFB7174210765440028B59C /* CollectionViewCell.swift */,
				CD68C51020FCBE79007446DB /* HomeViewController.swift */,
				CD68C51220FCBE79007446DB /* MapViewController.swift */,
				CD68C51920FCBE7B007446DB /* LaunchScreen.storyboard */,
				CD68C51420FCBE79007446DB /* Main.storyboard */,
				CDFB717021072ACD0028B59C /* Assets.xcassets */,
				CD68C51C20FCBE7B007446DB /* Info.plist */,
				E49C1D472136BE9E00923BD7 /* ClearSky.xcdatamodeld */,
			);
			path = ClearSky;
			sourceTree = "<group>";
		};
		CD68C52420FCBE7B007446DB /* ClearSkyTests */ = {
			isa = PBXGroup;
			children = (
				CD68C52520FCBE7B007446DB /* ClearSkyTests.swift */,
				CD68C52720FCBE7B007446DB /* Info.plist */,
			);
			path = ClearSkyTests;
			sourceTree = "<group>";
		};
		CD68C52F20FCBE7B007446DB /* ClearSkyUITests */ = {
			isa = PBXGroup;
			children = (
				CD68C53020FCBE7B007446DB /* ClearSkyUITests.swift */,
				CD68C53220FCBE7B007446DB /* Info.plist */,
			);
			path = ClearSkyUITests;
			sourceTree = "<group>";
		};
		CD6B1C3B212AEEA0005521F1 /* Helpers */ = {
			isa = PBXGroup;
			children = (
				CD6B1C3C212AEEC9005521F1 /* ChartHelper.swift */,
			);
			path = Helpers;
			sourceTree = "<group>";
		};
/* End PBXGroup section */

/* Begin PBXNativeTarget section */
		CD68C50A20FCBE79007446DB /* ClearSky */ = {
			isa = PBXNativeTarget;
			buildConfigurationList = CD68C53520FCBE7B007446DB /* Build configuration list for PBXNativeTarget "ClearSky" */;
			buildPhases = (
				52CC0EA5A5E8D06B95B92ECC /* [CP] Check Pods Manifest.lock */,
				CD68C50720FCBE79007446DB /* Sources */,
				CD68C50820FCBE79007446DB /* Frameworks */,
				CD68C50920FCBE79007446DB /* Resources */,
				CD76763D3948EADD7AF7DB52 /* [CP] Embed Pods Frameworks */,
			);
			buildRules = (
			);
			dependencies = (
			);
			name = ClearSky;
			productName = ClearSky;
			productReference = CD68C50B20FCBE79007446DB /* ClearSky.app */;
			productType = "com.apple.product-type.application";
		};
		CD68C52020FCBE7B007446DB /* ClearSkyTests */ = {
			isa = PBXNativeTarget;
			buildConfigurationList = CD68C53820FCBE7B007446DB /* Build configuration list for PBXNativeTarget "ClearSkyTests" */;
			buildPhases = (
				4A8A9CC53B6AE221FC64B360 /* [CP] Check Pods Manifest.lock */,
				CD68C51D20FCBE7B007446DB /* Sources */,
				CD68C51E20FCBE7B007446DB /* Frameworks */,
				CD68C51F20FCBE7B007446DB /* Resources */,
			);
			buildRules = (
			);
			dependencies = (
				CD68C52320FCBE7B007446DB /* PBXTargetDependency */,
			);
			name = ClearSkyTests;
			productName = ClearSkyTests;
			productReference = CD68C52120FCBE7B007446DB /* ClearSkyTests.xctest */;
			productType = "com.apple.product-type.bundle.unit-test";
		};
		CD68C52B20FCBE7B007446DB /* ClearSkyUITests */ = {
			isa = PBXNativeTarget;
			buildConfigurationList = CD68C53B20FCBE7B007446DB /* Build configuration list for PBXNativeTarget "ClearSkyUITests" */;
			buildPhases = (
				340D65828A1E31FDB354B8E2 /* [CP] Check Pods Manifest.lock */,
				CD68C52820FCBE7B007446DB /* Sources */,
				CD68C52920FCBE7B007446DB /* Frameworks */,
				CD68C52A20FCBE7B007446DB /* Resources */,
			);
			buildRules = (
			);
			dependencies = (
				CD68C52E20FCBE7B007446DB /* PBXTargetDependency */,
			);
			name = ClearSkyUITests;
			productName = ClearSkyUITests;
			productReference = CD68C52C20FCBE7B007446DB /* ClearSkyUITests.xctest */;
			productType = "com.apple.product-type.bundle.ui-testing";
		};
/* End PBXNativeTarget section */

/* Begin PBXProject section */
		CD68C50320FCBE79007446DB /* Project object */ = {
			isa = PBXProject;
			attributes = {
				LastSwiftUpdateCheck = 0940;
				LastUpgradeCheck = 0940;
				ORGANIZATIONNAME = Sihem;
				TargetAttributes = {
					CD68C50A20FCBE79007446DB = {
						CreatedOnToolsVersion = 9.4.1;
					};
					CD68C52020FCBE7B007446DB = {
						CreatedOnToolsVersion = 9.4.1;
						TestTargetID = CD68C50A20FCBE79007446DB;
					};
					CD68C52B20FCBE7B007446DB = {
						CreatedOnToolsVersion = 9.4.1;
						TestTargetID = CD68C50A20FCBE79007446DB;
					};
				};
			};
			buildConfigurationList = CD68C50620FCBE79007446DB /* Build configuration list for PBXProject "ClearSky" */;
			compatibilityVersion = "Xcode 9.3";
			developmentRegion = en;
			hasScannedForEncodings = 0;
			knownRegions = (
				en,
				Base,
			);
			mainGroup = CD68C50220FCBE79007446DB;
			productRefGroup = CD68C50C20FCBE79007446DB /* Products */;
			projectDirPath = "";
			projectRoot = "";
			targets = (
				CD68C50A20FCBE79007446DB /* ClearSky */,
				CD68C52020FCBE7B007446DB /* ClearSkyTests */,
				CD68C52B20FCBE7B007446DB /* ClearSkyUITests */,
			);
		};
/* End PBXProject section */

/* Begin PBXResourcesBuildPhase section */
		CD68C50920FCBE79007446DB /* Resources */ = {
			isa = PBXResourcesBuildPhase;
			buildActionMask = 2147483647;
			files = (
				CD68C51B20FCBE7B007446DB /* LaunchScreen.storyboard in Resources */,
				CDFB717121072ACD0028B59C /* Assets.xcassets in Resources */,
				CD68C51620FCBE79007446DB /* Main.storyboard in Resources */,
			);
			runOnlyForDeploymentPostprocessing = 0;
		};
		CD68C51F20FCBE7B007446DB /* Resources */ = {
			isa = PBXResourcesBuildPhase;
			buildActionMask = 2147483647;
			files = (
			);
			runOnlyForDeploymentPostprocessing = 0;
		};
		CD68C52A20FCBE7B007446DB /* Resources */ = {
			isa = PBXResourcesBuildPhase;
			buildActionMask = 2147483647;
			files = (
			);
			runOnlyForDeploymentPostprocessing = 0;
		};
/* End PBXResourcesBuildPhase section */

/* Begin PBXShellScriptBuildPhase section */
		340D65828A1E31FDB354B8E2 /* [CP] Check Pods Manifest.lock */ = {
			isa = PBXShellScriptBuildPhase;
			buildActionMask = 2147483647;
			files = (
			);
			inputPaths = (
				"${PODS_PODFILE_DIR_PATH}/Podfile.lock",
				"${PODS_ROOT}/Manifest.lock",
			);
			name = "[CP] Check Pods Manifest.lock";
			outputPaths = (
				"$(DERIVED_FILE_DIR)/Pods-ClearSkyUITests-checkManifestLockResult.txt",
			);
			runOnlyForDeploymentPostprocessing = 0;
			shellPath = /bin/sh;
			shellScript = "diff \"${PODS_PODFILE_DIR_PATH}/Podfile.lock\" \"${PODS_ROOT}/Manifest.lock\" > /dev/null\nif [ $? != 0 ] ; then\n    # print error to STDERR\n    echo \"error: The sandbox is not in sync with the Podfile.lock. Run 'pod install' or update your CocoaPods installation.\" >&2\n    exit 1\nfi\n# This output is used by Xcode 'outputs' to avoid re-running this script phase.\necho \"SUCCESS\" > \"${SCRIPT_OUTPUT_FILE_0}\"\n";
			showEnvVarsInLog = 0;
		};
		4A8A9CC53B6AE221FC64B360 /* [CP] Check Pods Manifest.lock */ = {
			isa = PBXShellScriptBuildPhase;
			buildActionMask = 2147483647;
			files = (
			);
			inputPaths = (
				"${PODS_PODFILE_DIR_PATH}/Podfile.lock",
				"${PODS_ROOT}/Manifest.lock",
			);
			name = "[CP] Check Pods Manifest.lock";
			outputPaths = (
				"$(DERIVED_FILE_DIR)/Pods-ClearSkyTests-checkManifestLockResult.txt",
			);
			runOnlyForDeploymentPostprocessing = 0;
			shellPath = /bin/sh;
			shellScript = "diff \"${PODS_PODFILE_DIR_PATH}/Podfile.lock\" \"${PODS_ROOT}/Manifest.lock\" > /dev/null\nif [ $? != 0 ] ; then\n    # print error to STDERR\n    echo \"error: The sandbox is not in sync with the Podfile.lock. Run 'pod install' or update your CocoaPods installation.\" >&2\n    exit 1\nfi\n# This output is used by Xcode 'outputs' to avoid re-running this script phase.\necho \"SUCCESS\" > \"${SCRIPT_OUTPUT_FILE_0}\"\n";
			showEnvVarsInLog = 0;
		};
		52CC0EA5A5E8D06B95B92ECC /* [CP] Check Pods Manifest.lock */ = {
			isa = PBXShellScriptBuildPhase;
			buildActionMask = 2147483647;
			files = (
			);
			inputPaths = (
				"${PODS_PODFILE_DIR_PATH}/Podfile.lock",
				"${PODS_ROOT}/Manifest.lock",
			);
			name = "[CP] Check Pods Manifest.lock";
			outputPaths = (
				"$(DERIVED_FILE_DIR)/Pods-ClearSky-checkManifestLockResult.txt",
			);
			runOnlyForDeploymentPostprocessing = 0;
			shellPath = /bin/sh;
			shellScript = "diff \"${PODS_PODFILE_DIR_PATH}/Podfile.lock\" \"${PODS_ROOT}/Manifest.lock\" > /dev/null\nif [ $? != 0 ] ; then\n    # print error to STDERR\n    echo \"error: The sandbox is not in sync with the Podfile.lock. Run 'pod install' or update your CocoaPods installation.\" >&2\n    exit 1\nfi\n# This output is used by Xcode 'outputs' to avoid re-running this script phase.\necho \"SUCCESS\" > \"${SCRIPT_OUTPUT_FILE_0}\"\n";
			showEnvVarsInLog = 0;
		};
		CD76763D3948EADD7AF7DB52 /* [CP] Embed Pods Frameworks */ = {
			isa = PBXShellScriptBuildPhase;
			buildActionMask = 2147483647;
			files = (
			);
			inputPaths = (
				"${SRCROOT}/Pods/Target Support Files/Pods-ClearSky/Pods-ClearSky-frameworks.sh",
				"${BUILT_PRODUCTS_DIR}/Charts/Charts.framework",
			);
			name = "[CP] Embed Pods Frameworks";
			outputPaths = (
				"${TARGET_BUILD_DIR}/${FRAMEWORKS_FOLDER_PATH}/Charts.framework",
			);
			runOnlyForDeploymentPostprocessing = 0;
			shellPath = /bin/sh;
			shellScript = "\"${SRCROOT}/Pods/Target Support Files/Pods-ClearSky/Pods-ClearSky-frameworks.sh\"\n";
			showEnvVarsInLog = 0;
		};
/* End PBXShellScriptBuildPhase section */

/* Begin PBXSourcesBuildPhase section */
		CD68C50720FCBE79007446DB /* Sources */ = {
			isa = PBXSourcesBuildPhase;
			buildActionMask = 2147483647;
			files = (
				CD971AA821199C7200960FE8 /* MapService.swift in Sources */,
				CD30BD2D210B11B7009E20F3 /* DataService.swift in Sources */,
				CD971AA62118982C00960FE8 /* MapData.swift in Sources */,
				CD30BD32210F06A2009E20F3 /* AQI.swift in Sources */,
				E49C1D492136BE9E00923BD7 /* ClearSky.xcdatamodeld in Sources */,
				CD6B1C3D212AEEC9005521F1 /* ChartHelper.swift in Sources */,
				CD30BD2F210B22A2009E20F3 /* Data.swift in Sources */,
				CD68C51320FCBE79007446DB /* MapViewController.swift in Sources */,
				CD68C50F20FCBE79007446DB /* AppDelegate.swift in Sources */,
				CDFB7175210765440028B59C /* CollectionViewCell.swift in Sources */,
				CD68C51120FCBE79007446DB /* HomeViewController.swift in Sources */,
				CD30BD34210F1144009E20F3 /* AqiService.swift in Sources */,
			);
			runOnlyForDeploymentPostprocessing = 0;
		};
		CD68C51D20FCBE7B007446DB /* Sources */ = {
			isa = PBXSourcesBuildPhase;
			buildActionMask = 2147483647;
			files = (
				CD68C52620FCBE7B007446DB /* ClearSkyTests.swift in Sources */,
			);
			runOnlyForDeploymentPostprocessing = 0;
		};
		CD68C52820FCBE7B007446DB /* Sources */ = {
			isa = PBXSourcesBuildPhase;
			buildActionMask = 2147483647;
			files = (
				CD68C53120FCBE7B007446DB /* ClearSkyUITests.swift in Sources */,
			);
			runOnlyForDeploymentPostprocessing = 0;
		};
/* End PBXSourcesBuildPhase section */

/* Begin PBXTargetDependency section */
		CD68C52320FCBE7B007446DB /* PBXTargetDependency */ = {
			isa = PBXTargetDependency;
			target = CD68C50A20FCBE79007446DB /* ClearSky */;
			targetProxy = CD68C52220FCBE7B007446DB /* PBXContainerItemProxy */;
		};
		CD68C52E20FCBE7B007446DB /* PBXTargetDependency */ = {
			isa = PBXTargetDependency;
			target = CD68C50A20FCBE79007446DB /* ClearSky */;
			targetProxy = CD68C52D20FCBE7B007446DB /* PBXContainerItemProxy */;
		};
/* End PBXTargetDependency section */

/* Begin PBXVariantGroup section */
		CD68C51420FCBE79007446DB /* Main.storyboard */ = {
			isa = PBXVariantGroup;
			children = (
				CD68C51520FCBE79007446DB /* Base */,
			);
			name = Main.storyboard;
			sourceTree = "<group>";
		};
		CD68C51920FCBE7B007446DB /* LaunchScreen.storyboard */ = {
			isa = PBXVariantGroup;
			children = (
				CD68C51A20FCBE7B007446DB /* Base */,
			);
			name = LaunchScreen.storyboard;
			sourceTree = "<group>";
		};
/* End PBXVariantGroup section */

/* Begin XCBuildConfiguration section */
		CD68C53320FCBE7B007446DB /* Debug */ = {
			isa = XCBuildConfiguration;
			buildSettings = {
				ALWAYS_SEARCH_USER_PATHS = NO;
				CLANG_ANALYZER_NONNULL = YES;
				CLANG_ANALYZER_NUMBER_OBJECT_CONVERSION = YES_AGGRESSIVE;
				CLANG_CXX_LANGUAGE_STANDARD = "gnu++14";
				CLANG_CXX_LIBRARY = "libc++";
				CLANG_ENABLE_MODULES = YES;
				CLANG_ENABLE_OBJC_ARC = YES;
				CLANG_ENABLE_OBJC_WEAK = YES;
				CLANG_WARN_BLOCK_CAPTURE_AUTORELEASING = YES;
				CLANG_WARN_BOOL_CONVERSION = YES;
				CLANG_WARN_COMMA = YES;
				CLANG_WARN_CONSTANT_CONVERSION = YES;
				CLANG_WARN_DEPRECATED_OBJC_IMPLEMENTATIONS = YES;
				CLANG_WARN_DIRECT_OBJC_ISA_USAGE = YES_ERROR;
				CLANG_WARN_DOCUMENTATION_COMMENTS = YES;
				CLANG_WARN_EMPTY_BODY = YES;
				CLANG_WARN_ENUM_CONVERSION = YES;
				CLANG_WARN_INFINITE_RECURSION = YES;
				CLANG_WARN_INT_CONVERSION = YES;
				CLANG_WARN_NON_LITERAL_NULL_CONVERSION = YES;
				CLANG_WARN_OBJC_IMPLICIT_RETAIN_SELF = YES;
				CLANG_WARN_OBJC_LITERAL_CONVERSION = YES;
				CLANG_WARN_OBJC_ROOT_CLASS = YES_ERROR;
				CLANG_WARN_RANGE_LOOP_ANALYSIS = YES;
				CLANG_WARN_STRICT_PROTOTYPES = YES;
				CLANG_WARN_SUSPICIOUS_MOVE = YES;
				CLANG_WARN_UNGUARDED_AVAILABILITY = YES_AGGRESSIVE;
				CLANG_WARN_UNREACHABLE_CODE = YES;
				CLANG_WARN__DUPLICATE_METHOD_MATCH = YES;
				CODE_SIGN_IDENTITY = "iPhone Developer";
				COPY_PHASE_STRIP = NO;
				DEBUG_INFORMATION_FORMAT = dwarf;
				ENABLE_STRICT_OBJC_MSGSEND = YES;
				ENABLE_TESTABILITY = YES;
				GCC_C_LANGUAGE_STANDARD = gnu11;
				GCC_DYNAMIC_NO_PIC = NO;
				GCC_NO_COMMON_BLOCKS = YES;
				GCC_OPTIMIZATION_LEVEL = 0;
				GCC_PREPROCESSOR_DEFINITIONS = (
					"DEBUG=1",
					"$(inherited)",
				);
				GCC_WARN_64_TO_32_BIT_CONVERSION = YES;
				GCC_WARN_ABOUT_RETURN_TYPE = YES_ERROR;
				GCC_WARN_UNDECLARED_SELECTOR = YES;
				GCC_WARN_UNINITIALIZED_AUTOS = YES_AGGRESSIVE;
				GCC_WARN_UNUSED_FUNCTION = YES;
				GCC_WARN_UNUSED_VARIABLE = YES;
				IPHONEOS_DEPLOYMENT_TARGET = 11.4;
				MTL_ENABLE_DEBUG_INFO = YES;
				ONLY_ACTIVE_ARCH = YES;
				SDKROOT = iphoneos;
				SWIFT_ACTIVE_COMPILATION_CONDITIONS = DEBUG;
				SWIFT_OPTIMIZATION_LEVEL = "-Onone";
			};
			name = Debug;
		};
		CD68C53420FCBE7B007446DB /* Release */ = {
			isa = XCBuildConfiguration;
			buildSettings = {
				ALWAYS_SEARCH_USER_PATHS = NO;
				CLANG_ANALYZER_NONNULL = YES;
				CLANG_ANALYZER_NUMBER_OBJECT_CONVERSION = YES_AGGRESSIVE;
				CLANG_CXX_LANGUAGE_STANDARD = "gnu++14";
				CLANG_CXX_LIBRARY = "libc++";
				CLANG_ENABLE_MODULES = YES;
				CLANG_ENABLE_OBJC_ARC = YES;
				CLANG_ENABLE_OBJC_WEAK = YES;
				CLANG_WARN_BLOCK_CAPTURE_AUTORELEASING = YES;
				CLANG_WARN_BOOL_CONVERSION = YES;
				CLANG_WARN_COMMA = YES;
				CLANG_WARN_CONSTANT_CONVERSION = YES;
				CLANG_WARN_DEPRECATED_OBJC_IMPLEMENTATIONS = YES;
				CLANG_WARN_DIRECT_OBJC_ISA_USAGE = YES_ERROR;
				CLANG_WARN_DOCUMENTATION_COMMENTS = YES;
				CLANG_WARN_EMPTY_BODY = YES;
				CLANG_WARN_ENUM_CONVERSION = YES;
				CLANG_WARN_INFINITE_RECURSION = YES;
				CLANG_WARN_INT_CONVERSION = YES;
				CLANG_WARN_NON_LITERAL_NULL_CONVERSION = YES;
				CLANG_WARN_OBJC_IMPLICIT_RETAIN_SELF = YES;
				CLANG_WARN_OBJC_LITERAL_CONVERSION = YES;
				CLANG_WARN_OBJC_ROOT_CLASS = YES_ERROR;
				CLANG_WARN_RANGE_LOOP_ANALYSIS = YES;
				CLANG_WARN_STRICT_PROTOTYPES = YES;
				CLANG_WARN_SUSPICIOUS_MOVE = YES;
				CLANG_WARN_UNGUARDED_AVAILABILITY = YES_AGGRESSIVE;
				CLANG_WARN_UNREACHABLE_CODE = YES;
				CLANG_WARN__DUPLICATE_METHOD_MATCH = YES;
				CODE_SIGN_IDENTITY = "iPhone Developer";
				COPY_PHASE_STRIP = NO;
				DEBUG_INFORMATION_FORMAT = "dwarf-with-dsym";
				ENABLE_NS_ASSERTIONS = NO;
				ENABLE_STRICT_OBJC_MSGSEND = YES;
				GCC_C_LANGUAGE_STANDARD = gnu11;
				GCC_NO_COMMON_BLOCKS = YES;
				GCC_WARN_64_TO_32_BIT_CONVERSION = YES;
				GCC_WARN_ABOUT_RETURN_TYPE = YES_ERROR;
				GCC_WARN_UNDECLARED_SELECTOR = YES;
				GCC_WARN_UNINITIALIZED_AUTOS = YES_AGGRESSIVE;
				GCC_WARN_UNUSED_FUNCTION = YES;
				GCC_WARN_UNUSED_VARIABLE = YES;
				IPHONEOS_DEPLOYMENT_TARGET = 11.4;
				MTL_ENABLE_DEBUG_INFO = NO;
				SDKROOT = iphoneos;
				SWIFT_COMPILATION_MODE = wholemodule;
				SWIFT_OPTIMIZATION_LEVEL = "-O";
				VALIDATE_PRODUCT = YES;
			};
			name = Release;
		};
		CD68C53620FCBE7B007446DB /* Debug */ = {
			isa = XCBuildConfiguration;
			baseConfigurationReference = EF60653BF19A385F31FE3211 /* Pods-ClearSky.debug.xcconfig */;
			buildSettings = {
				ASSETCATALOG_COMPILER_APPICON_NAME = AppIcon;
				CODE_SIGN_STYLE = Automatic;
				DEVELOPMENT_TEAM = TLJS9JZKBP;
				INFOPLIST_FILE = ClearSky/Info.plist;
				LD_RUNPATH_SEARCH_PATHS = (
					"$(inherited)",
					"@executable_path/Frameworks",
				);
				PRODUCT_BUNDLE_IDENTIFIER = Sogeti.ClearSky;
				PRODUCT_NAME = "$(TARGET_NAME)";
				SWIFT_VERSION = 4.0;
				TARGETED_DEVICE_FAMILY = "1,2";
			};
			name = Debug;
		};
		CD68C53720FCBE7B007446DB /* Release */ = {
			isa = XCBuildConfiguration;
			baseConfigurationReference = EE29ABEA2F7D03AE27035A3E /* Pods-ClearSky.release.xcconfig */;
			buildSettings = {
				ASSETCATALOG_COMPILER_APPICON_NAME = AppIcon;
				CODE_SIGN_STYLE = Automatic;
				DEVELOPMENT_TEAM = TLJS9JZKBP;
				INFOPLIST_FILE = ClearSky/Info.plist;
				LD_RUNPATH_SEARCH_PATHS = (
					"$(inherited)",
					"@executable_path/Frameworks",
				);
				PRODUCT_BUNDLE_IDENTIFIER = Sogeti.ClearSky;
				PRODUCT_NAME = "$(TARGET_NAME)";
				SWIFT_VERSION = 4.0;
				TARGETED_DEVICE_FAMILY = "1,2";
			};
			name = Release;
		};
		CD68C53920FCBE7B007446DB /* Debug */ = {
			isa = XCBuildConfiguration;
			baseConfigurationReference = F43B7ED68B6750D3F111A762 /* Pods-ClearSkyTests.debug.xcconfig */;
			buildSettings = {
				ALWAYS_EMBED_SWIFT_STANDARD_LIBRARIES = YES;
				BUNDLE_LOADER = "$(TEST_HOST)";
				CODE_SIGN_STYLE = Automatic;
				INFOPLIST_FILE = ClearSkyTests/Info.plist;
				LD_RUNPATH_SEARCH_PATHS = (
					"$(inherited)",
					"@executable_path/Frameworks",
					"@loader_path/Frameworks",
				);
				PRODUCT_BUNDLE_IDENTIFIER = Sogeti.ClearSkyTests;
				PRODUCT_NAME = "$(TARGET_NAME)";
				SWIFT_VERSION = 4.0;
				TARGETED_DEVICE_FAMILY = "1,2";
				TEST_HOST = "$(BUILT_PRODUCTS_DIR)/ClearSky.app/ClearSky";
			};
			name = Debug;
		};
		CD68C53A20FCBE7B007446DB /* Release */ = {
			isa = XCBuildConfiguration;
			baseConfigurationReference = 419A44FAC7A16DFC4549BFF8 /* Pods-ClearSkyTests.release.xcconfig */;
			buildSettings = {
				ALWAYS_EMBED_SWIFT_STANDARD_LIBRARIES = YES;
				BUNDLE_LOADER = "$(TEST_HOST)";
				CODE_SIGN_STYLE = Automatic;
				INFOPLIST_FILE = ClearSkyTests/Info.plist;
				LD_RUNPATH_SEARCH_PATHS = (
					"$(inherited)",
					"@executable_path/Frameworks",
					"@loader_path/Frameworks",
				);
				PRODUCT_BUNDLE_IDENTIFIER = Sogeti.ClearSkyTests;
				PRODUCT_NAME = "$(TARGET_NAME)";
				SWIFT_VERSION = 4.0;
				TARGETED_DEVICE_FAMILY = "1,2";
				TEST_HOST = "$(BUILT_PRODUCTS_DIR)/ClearSky.app/ClearSky";
			};
			name = Release;
		};
		CD68C53C20FCBE7B007446DB /* Debug */ = {
			isa = XCBuildConfiguration;
			baseConfigurationReference = 4249CAAAF87EC50F5A204053 /* Pods-ClearSkyUITests.debug.xcconfig */;
			buildSettings = {
				ALWAYS_EMBED_SWIFT_STANDARD_LIBRARIES = YES;
				CODE_SIGN_STYLE = Automatic;
				INFOPLIST_FILE = ClearSkyUITests/Info.plist;
				LD_RUNPATH_SEARCH_PATHS = (
					"$(inherited)",
					"@executable_path/Frameworks",
					"@loader_path/Frameworks",
				);
				PRODUCT_BUNDLE_IDENTIFIER = Sogeti.ClearSkyUITests;
				PRODUCT_NAME = "$(TARGET_NAME)";
				SWIFT_VERSION = 4.0;
				TARGETED_DEVICE_FAMILY = "1,2";
				TEST_TARGET_NAME = ClearSky;
			};
			name = Debug;
		};
		CD68C53D20FCBE7B007446DB /* Release */ = {
			isa = XCBuildConfiguration;
			baseConfigurationReference = 6CC90B942E774658F165D71A /* Pods-ClearSkyUITests.release.xcconfig */;
			buildSettings = {
				ALWAYS_EMBED_SWIFT_STANDARD_LIBRARIES = YES;
				CODE_SIGN_STYLE = Automatic;
				INFOPLIST_FILE = ClearSkyUITests/Info.plist;
				LD_RUNPATH_SEARCH_PATHS = (
					"$(inherited)",
					"@executable_path/Frameworks",
					"@loader_path/Frameworks",
				);
				PRODUCT_BUNDLE_IDENTIFIER = Sogeti.ClearSkyUITests;
				PRODUCT_NAME = "$(TARGET_NAME)";
				SWIFT_VERSION = 4.0;
				TARGETED_DEVICE_FAMILY = "1,2";
				TEST_TARGET_NAME = ClearSky;
			};
			name = Release;
		};
/* End XCBuildConfiguration section */

/* Begin XCConfigurationList section */
		CD68C50620FCBE79007446DB /* Build configuration list for PBXProject "ClearSky" */ = {
			isa = XCConfigurationList;
			buildConfigurations = (
				CD68C53320FCBE7B007446DB /* Debug */,
				CD68C53420FCBE7B007446DB /* Release */,
			);
			defaultConfigurationIsVisible = 0;
			defaultConfigurationName = Release;
		};
		CD68C53520FCBE7B007446DB /* Build configuration list for PBXNativeTarget "ClearSky" */ = {
			isa = XCConfigurationList;
			buildConfigurations = (
				CD68C53620FCBE7B007446DB /* Debug */,
				CD68C53720FCBE7B007446DB /* Release */,
			);
			defaultConfigurationIsVisible = 0;
			defaultConfigurationName = Release;
		};
		CD68C53820FCBE7B007446DB /* Build configuration list for PBXNativeTarget "ClearSkyTests" */ = {
			isa = XCConfigurationList;
			buildConfigurations = (
				CD68C53920FCBE7B007446DB /* Debug */,
				CD68C53A20FCBE7B007446DB /* Release */,
			);
			defaultConfigurationIsVisible = 0;
			defaultConfigurationName = Release;
		};
		CD68C53B20FCBE7B007446DB /* Build configuration list for PBXNativeTarget "ClearSkyUITests" */ = {
			isa = XCConfigurationList;
			buildConfigurations = (
				CD68C53C20FCBE7B007446DB /* Debug */,
				CD68C53D20FCBE7B007446DB /* Release */,
			);
			defaultConfigurationIsVisible = 0;
			defaultConfigurationName = Release;
		};
/* End XCConfigurationList section */

/* Begin XCVersionGroup section */
		E49C1D472136BE9E00923BD7 /* ClearSky.xcdatamodeld */ = {
			isa = XCVersionGroup;
			children = (
				E49C1D482136BE9E00923BD7 /* ClearSky.xcdatamodel */,
			);
			currentVersion = E49C1D482136BE9E00923BD7 /* ClearSky.xcdatamodel */;
			path = ClearSky.xcdatamodeld;
			sourceTree = "<group>";
			versionGroupType = wrapper.xcdatamodel;
		};
/* End XCVersionGroup section */
	};
	rootObject = CD68C50320FCBE79007446DB /* Project object */;
}
